
Microsoft Visual Studio Solution File, Format Version 12.00
# Visual Studio 15
VisualStudioVersion = 15.0.28307.329
MinimumVisualStudioVersion = 10.0.40219.1
Project("{FAE04EC0-301F-11D3-BF4B-00C04F79EFBC}") = "TwentyOnePart6", "TwentyOnePart6\TwentyOnePart6.csproj", "{073DBB4C-43BA-4874-B98A-1D1CF0F2E42A}"
EndProject
Global
	GlobalSection(SolutionConfigurationPlatforms) = preSolution
		Debug|Any CPU = Debug|Any CPU
		Release|Any CPU = Release|Any CPU
	EndGlobalSection
	GlobalSection(ProjectConfigurationPlatforms) = postSolution
		{073DBB4C-43BA-4874-B98A-1D1CF0F2E42A}.Debug|Any CPU.ActiveCfg = Debug|Any CPU
		{073DBB4C-43BA-4874-B98A-1D1CF0F2E42A}.Debug|Any CPU.Build.0 = Debug|Any CPU
		{073DBB4C-43BA-4874-B98A-1D1CF0F2E42A}.Release|Any CPU.ActiveCfg = Release|Any CPU
		{073DBB4C-43BA-4874-B98A-1D1CF0F2E42A}.Release|Any CPU.Build.0 = Release|Any CPU
	EndGlobalSection
	GlobalSection(SolutionProperties) = preSolution
		HideSolutionNode = FALSE
	EndGlobalSection
	GlobalSection(ExtensibilityGlobals) = postSolution
		SolutionGuid = {A2DA9648-6644-43DA-A9F6-0325FBCB0C9B}
	EndGlobalSection
EndGlobal
